
Microsoft Visual Studio Solution File, Format Version 12.00
# Visual Studio Version 17
VisualStudioVersion = 17.4.33110.190
MinimumVisualStudioVersion = 10.0.40219.1
Project("{9A19103F-16F7-4668-BE54-9A1E7A4F7556}") = "Blog.API", "Blog.API\Blog.API.csproj", "{59078723-02BF-4B58-BF02-453803F940BA}"
EndProject
Global
	GlobalSection(SolutionConfigurationPlatforms) = preSolution
		Debug|Any CPU = Debug|Any CPU
		Release|Any CPU = Release|Any CPU
	EndGlobalSection
	GlobalSection(ProjectConfigurationPlatforms) = postSolution
		{59078723-02BF-4B58-BF02-453803F940BA}.Debug|Any CPU.ActiveCfg = Debug|Any CPU
		{59078723-02BF-4B58-BF02-453803F940BA}.Debug|Any CPU.Build.0 = Debug|Any CPU
		{59078723-02BF-4B58-BF02-453803F940BA}.Release|Any CPU.ActiveCfg = Release|Any CPU
		{59078723-02BF-4B58-BF02-453803F940BA}.Release|Any CPU.Build.0 = Release|Any CPU
	EndGlobalSection
	GlobalSection(SolutionProperties) = preSolution
		HideSolutionNode = FALSE
	EndGlobalSection
	GlobalSection(ExtensibilityGlobals) = postSolution
		SolutionGuid = {1F6A88CC-81B7-4293-B758-E992D9594219}
	EndGlobalSection
EndGlobal
